
Microsoft Visual Studio Solution File, Format Version 12.00
# Visual Studio 15
VisualStudioVersion = 15.0.28307.539
MinimumVisualStudioVersion = 10.0.40219.1
Project("{FAE04EC0-301F-11D3-BF4B-00C04F79EFBC}") = "Blackjack", "Blackjack\Blackjack.csproj", "{3C891C17-2016-4F13-AAA4-BD1E9E6FECAB}"
EndProject
Global
	GlobalSection(SolutionConfigurationPlatforms) = preSolution
		Debug|Any CPU = Debug|Any CPU
		Release|Any CPU = Release|Any CPU
	EndGlobalSection
	GlobalSection(ProjectConfigurationPlatforms) = postSolution
		{3C891C17-2016-4F13-AAA4-BD1E9E6FECAB}.Debug|Any CPU.ActiveCfg = Debug|Any CPU
		{3C891C17-2016-4F13-AAA4-BD1E9E6FECAB}.Debug|Any CPU.Build.0 = Debug|Any CPU
		{3C891C17-2016-4F13-AAA4-BD1E9E6FECAB}.Release|Any CPU.ActiveCfg = Release|Any CPU
		{3C891C17-2016-4F13-AAA4-BD1E9E6FECAB}.Release|Any CPU.Build.0 = Release|Any CPU
	EndGlobalSection
	GlobalSection(SolutionProperties) = preSolution
		HideSolutionNode = FALSE
	EndGlobalSection
	GlobalSection(ExtensibilityGlobals) = postSolution
		SolutionGuid = {A533E509-DFC7-4F5C-B387-AF22013CDFE7}
	EndGlobalSection
EndGlobal
